{
  "name": "moutai_20180610_mobi",
  "version": "1.0.0",
  "lockfileVersion": 1,
  "requires": true,
  "dependencies": {
    "@pixi/filter-adjustment": {
      "version": "2.5.0",
      "resolved": "http://registry.npm.taobao.org/@pixi/filter-adjustment/download/@pixi/filter-adjustment-2.5.0.tgz",
      "integrity": "sha1-VBrm9g/nTEPNbXS3g0fZfaShwgo="
    },
    "@pixi/filter-advanced-bloom": {
      "version": "2.6.0",
      "resolved": "http://registry.npm.taobao.org/@pixi/filter-advanced-bloom/download/@pixi/filter-advanced-bloom-2.6.0.tgz",
      "integrity": "sha1-XeEQyXqaYcJ9Z9rw1nQRJERSdfs=",
      "requires": {
        "@pixi/filter-kawase-blur": "^2.6.0"
      }
    },
    "@pixi/filter-ascii": {
      "version": "2.5.0",
      "resolved": "http://registry.npm.taobao.org/@pixi/filter-ascii/download/@pixi/filter-ascii-2.5.0.tgz",
      "integrity": "sha1-Yu8yTGhBJYTm5SmoPDdsKFX7r2c="
    },
    "@pixi/filter-bevel": {
      "version": "2.6.0",
      "resolved": "http://registry.npm.taobao.org/@pixi/filter-bevel/download/@pixi/filter-bevel-2.6.0.tgz",
      "integrity": "sha1-9FuxLyX9Yd7+38IivuFboDoy6OQ="
    },
    "@pixi/filter-bloom": {
      "version": "2.5.0",
      "resolved": "http://registry.npm.taobao.org/@pixi/filter-bloom/download/@pixi/filter-bloom-2.5.0.tgz",
      "integrity": "sha1-SkIFnDC+76SDwN7H7zYUsrPFjAU="
    },
    "@pixi/filter-bulge-pinch": {
      "version": "2.6.0",
      "resolved": "http://registry.npm.taobao.org/@pixi/filter-bulge-pinch/download/@pixi/filter-bulge-pinch-2.6.0.tgz",
      "integrity": "sha1-HifIZtoIs7l0MUn7izRktJwF8Tg="
    },
    "@pixi/filter-color-map": {
      "version": "2.6.0",
      "resolved": "http://registry.npm.taobao.org/@pixi/filter-color-map/download/@pixi/filter-color-map-2.6.0.tgz",
      "integrity": "sha1-D+iUTdJ1s4w4+dpaE8zxryqoCZY="
    },
    "@pixi/filter-color-replace": {
      "version": "2.6.0",
      "resolved": "http://registry.npm.taobao.org/@pixi/filter-color-replace/download/@pixi/filter-color-replace-2.6.0.tgz",
      "integrity": "sha1-ft6FDom2GRPsANcWI3CUmjT8z38="
    },
    "@pixi/filter-convolution": {
      "version": "2.6.0",
      "resolved": "http://registry.npm.taobao.org/@pixi/filter-convolution/download/@pixi/filter-convolution-2.6.0.tgz",
      "integrity": "sha1-zgzEma4TLk+6yKpQdEicx2oJcSA="
    },
    "@pixi/filter-cross-hatch": {
      "version": "2.5.0",
      "resolved": "http://registry.npm.taobao.org/@pixi/filter-cross-hatch/download/@pixi/filter-cross-hatch-2.5.0.tgz",
      "integrity": "sha1-1y6dPrRK6mTmKfuHGCGWeexn0Bc="
    },
    "@pixi/filter-crt": {
      "version": "2.6.0",
      "resolved": "http://registry.npm.taobao.org/@pixi/filter-crt/download/@pixi/filter-crt-2.6.0.tgz",
      "integrity": "sha1-CrXEal7CCiD5ykxJrzdSCuTgMgQ="
    },
    "@pixi/filter-dot": {
      "version": "2.5.0",
      "resolved": "http://registry.npm.taobao.org/@pixi/filter-dot/download/@pixi/filter-dot-2.5.0.tgz",
      "integrity": "sha1-JdrRhGYutTehjKOOzwA9l92ZnXU="
    },
    "@pixi/filter-drop-shadow": {
      "version": "2.6.0",
      "resolved": "http://registry.npm.taobao.org/@pixi/filter-drop-shadow/download/@pixi/filter-drop-shadow-2.6.0.tgz",
      "integrity": "sha1-XTw/WHZHQV9cAF5Sw+ExrczygPk=",
      "requires": {
        "@pixi/filter-kawase-blur": "^2.6.0"
      }
    },
    "@pixi/filter-emboss": {
      "version": "2.5.0",
      "resolved": "http://registry.npm.taobao.org/@pixi/filter-emboss/download/@pixi/filter-emboss-2.5.0.tgz",
      "integrity": "sha1-PZfMT7WZHXaZ/+SnghbfjC41MHk="
    },
    "@pixi/filter-glitch": {
      "version": "2.6.1",
      "resolved": "http://registry.npm.taobao.org/@pixi/filter-glitch/download/@pixi/filter-glitch-2.6.1.tgz",
      "integrity": "sha1-j+zmzWilcg0KvnS7G5BZLA5Ki6w="
    },
    "@pixi/filter-glow": {
      "version": "2.5.0",
      "resolved": "http://registry.npm.taobao.org/@pixi/filter-glow/download/@pixi/filter-glow-2.5.0.tgz",
      "integrity": "sha1-RL1GLMv+vit5Mikd3b7nzhTLYsA="
    },
    "@pixi/filter-godray": {
      "version": "2.6.0",
      "resolved": "http://registry.npm.taobao.org/@pixi/filter-godray/download/@pixi/filter-godray-2.6.0.tgz",
      "integrity": "sha1-fJ/YXSlJdA9VXRuBf6f1/HGVLxw="
    },
    "@pixi/filter-kawase-blur": {
      "version": "2.6.0",
      "resolved": "http://registry.npm.taobao.org/@pixi/filter-kawase-blur/download/@pixi/filter-kawase-blur-2.6.0.tgz",
      "integrity": "sha1-1Fw02c86Cm2ec7qCZrXvj0H81lI="
    },
    "@pixi/filter-motion-blur": {
      "version": "2.6.1",
      "resolved": "http://registry.npm.taobao.org/@pixi/filter-motion-blur/download/@pixi/filter-motion-blur-2.6.1.tgz",
      "integrity": "sha1-BHyZma+1g4p/pPkj+SN/nu2ihOg="
    },
    "@pixi/filter-multi-color-replace": {
      "version": "2.5.0",
      "resolved": "http://registry.npm.taobao.org/@pixi/filter-multi-color-replace/download/@pixi/filter-multi-color-replace-2.5.0.tgz",
      "integrity": "sha1-MINN38mEzsdFMDTqUSF6ORuWz2A="
    },
    "@pixi/filter-old-film": {
      "version": "2.6.0",
      "resolved": "http://registry.npm.taobao.org/@pixi/filter-old-film/download/@pixi/filter-old-film-2.6.0.tgz",
      "integrity": "sha1-OK5u1IKIzWsAhahHbI2i/0pAack="
    },
    "@pixi/filter-outline": {
      "version": "2.6.0",
      "resolved": "http://registry.npm.taobao.org/@pixi/filter-outline/download/@pixi/filter-outline-2.6.0.tgz",
      "integrity": "sha1-qNFQPbF7y1gwzB9rQkyngAfrhB8="
    },
    "@pixi/filter-pixelate": {
      "version": "2.5.0",
      "resolved": "http://registry.npm.taobao.org/@pixi/filter-pixelate/download/@pixi/filter-pixelate-2.5.0.tgz",
      "integrity": "sha1-B66z8ApI2cSnyyKIYNYyLXfbS8M="
    },
    "@pixi/filter-radial-blur": {
      "version": "2.6.0",
      "resolved": "http://registry.npm.taobao.org/@pixi/filter-radial-blur/download/@pixi/filter-radial-blur-2.6.0.tgz",
      "integrity": "sha1-/S1SFHhjA/n08jsEB5c25hjgLXw="
    },
    "@pixi/filter-reflection": {
      "version": "2.6.0",
      "resolved": "http://registry.npm.taobao.org/@pixi/filter-reflection/download/@pixi/filter-reflection-2.6.0.tgz",
      "integrity": "sha1-dJbLUaDmG/e8FY+o5h1FMZ2ozH8="
    },
    "@pixi/filter-rgb-split": {
      "version": "2.5.0",
      "resolved": "http://registry.npm.taobao.org/@pixi/filter-rgb-split/download/@pixi/filter-rgb-split-2.5.0.tgz",
      "integrity": "sha1-STcE+o0GGnB3K2o49g3/axwntVQ="
    },
    "@pixi/filter-shockwave": {
      "version": "2.6.1",
      "resolved": "http://registry.npm.taobao.org/@pixi/filter-shockwave/download/@pixi/filter-shockwave-2.6.1.tgz",
      "integrity": "sha1-GJTQw7AYj7KoRu+ZWzwvWwQ8+qs="
    },
    "@pixi/filter-simple-lightmap": {
      "version": "2.6.0",
      "resolved": "http://registry.npm.taobao.org/@pixi/filter-simple-lightmap/download/@pixi/filter-simple-lightmap-2.6.0.tgz",
      "integrity": "sha1-8gRRAQcdnRd/1F9hcI+Hv/AZFJY="
    },
    "@pixi/filter-tilt-shift": {
      "version": "2.6.0",
      "resolved": "http://registry.npm.taobao.org/@pixi/filter-tilt-shift/download/@pixi/filter-tilt-shift-2.6.0.tgz",
      "integrity": "sha1-O8yjv07zxcYYLZ9WA12lR83e9/k="
    },
    "@pixi/filter-twist": {
      "version": "2.5.0",
      "resolved": "http://registry.npm.taobao.org/@pixi/filter-twist/download/@pixi/filter-twist-2.5.0.tgz",
      "integrity": "sha1-qPFlZ+m8Lx0wJqbrwxZ+JCIePyg="
    },
    "@pixi/filter-zoom-blur": {
      "version": "2.6.0",
      "resolved": "http://registry.npm.taobao.org/@pixi/filter-zoom-blur/download/@pixi/filter-zoom-blur-2.6.0.tgz",
      "integrity": "sha1-Stlmowk3K3MeD8Rp2X3VG/edG9Y="
    },
    "bit-twiddle": {
      "version": "1.0.2",
      "resolved": "http://registry.npm.taobao.org/bit-twiddle/download/bit-twiddle-1.0.2.tgz",
      "integrity": "sha1-DGwfq+KyPRcXPZpht7cJPrnhdp4="
    },
    "earcut": {
      "version": "2.1.3",
      "resolved": "http://registry.npm.taobao.org/earcut/download/earcut-2.1.3.tgz",
      "integrity": "sha1-yleVRfNRlBr3w9DfScn300r5mww="
    },
    "eventemitter3": {
      "version": "2.0.3",
      "resolved": "http://registry.npm.taobao.org/eventemitter3/download/eventemitter3-2.0.3.tgz",
      "integrity": "sha1-teEHm1n7XhuidxwKmTvgYKWMmbo="
    },
    "framesync": {
      "version": "3.1.9",
      "resolved": "http://registry.npm.taobao.org/framesync/download/framesync-3.1.9.tgz",
      "integrity": "sha1-9l+BXHEc+HbzQ7H2PabhixOEFy8="
    },
    "hey-listen": {
      "version": "1.0.5",
      "resolved": "http://registry.npm.taobao.org/hey-listen/download/hey-listen-1.0.5.tgz",
      "integrity": "sha1-bQo6L2AXf2W8RATVcaAAJb9dwg4="
    },
    "ismobilejs": {
      "version": "0.4.1",
      "resolved": "http://registry.npm.taobao.org/ismobilejs/download/ismobilejs-0.4.1.tgz",
      "integrity": "sha1-Gl8SbHD+05yT2jgPpiy65XI+fcI="
    },
    "mini-signals": {
      "version": "1.2.0",
      "resolved": "http://registry.npm.taobao.org/mini-signals/download/mini-signals-1.2.0.tgz",
      "integrity": "sha1-RbCAE8X65RokqhqTXNMXye1yHXQ="
    },
    "object-assign": {
      "version": "4.1.1",
      "resolved": "http://registry.npm.taobao.org/object-assign/download/object-assign-4.1.1.tgz",
      "integrity": "sha1-IQmtx5ZYh8/AXLvUQsrIv7s2CGM="
    },
    "parse-uri": {
      "version": "1.0.0",
      "resolved": "http://registry.npm.taobao.org/parse-uri/download/parse-uri-1.0.0.tgz",
      "integrity": "sha1-KHLcwi8aeXrN4Vg9igrClVLdrCA="
    },
    "pixi-filters": {
      "version": "2.6.1",
      "resolved": "http://registry.npm.taobao.org/pixi-filters/download/pixi-filters-2.6.1.tgz",
      "integrity": "sha1-MLQT9/zar+rBvVDK2L4660SJdoE=",
      "requires": {
        "@pixi/filter-adjustment": "^2.5.0",
        "@pixi/filter-advanced-bloom": "^2.6.0",
        "@pixi/filter-ascii": "^2.5.0",
        "@pixi/filter-bevel": "^2.6.0",
        "@pixi/filter-bloom": "^2.5.0",
        "@pixi/filter-bulge-pinch": "^2.6.0",
        "@pixi/filter-color-map": "^2.6.0",
        "@pixi/filter-color-replace": "^2.6.0",
        "@pixi/filter-convolution": "^2.6.0",
        "@pixi/filter-cross-hatch": "^2.5.0",
        "@pixi/filter-crt": "^2.6.0",
        "@pixi/filter-dot": "^2.5.0",
        "@pixi/filter-drop-shadow": "^2.6.0",
        "@pixi/filter-emboss": "^2.5.0",
        "@pixi/filter-glitch": "^2.6.1",
        "@pixi/filter-glow": "^2.5.0",
        "@pixi/filter-godray": "^2.6.0",
        "@pixi/filter-kawase-blur": "^2.6.0",
        "@pixi/filter-motion-blur": "^2.6.1",
        "@pixi/filter-multi-color-replace": "^2.5.0",
        "@pixi/filter-old-film": "^2.6.0",
        "@pixi/filter-outline": "^2.6.0",
        "@pixi/filter-pixelate": "^2.5.0",
        "@pixi/filter-radial-blur": "^2.6.0",
        "@pixi/filter-reflection": "^2.6.0",
        "@pixi/filter-rgb-split": "^2.5.0",
        "@pixi/filter-shockwave": "^2.6.1",
        "@pixi/filter-simple-lightmap": "^2.6.0",
        "@pixi/filter-tilt-shift": "^2.6.0",
        "@pixi/filter-twist": "^2.5.0",
        "@pixi/filter-zoom-blur": "^2.6.0"
      }
    },
    "pixi-gl-core": {
      "version": "1.1.4",
      "resolved": "http://registry.npm.taobao.org/pixi-gl-core/download/pixi-gl-core-1.1.4.tgz",
      "integrity": "sha1-i0tcQzsx5Bm8N53FZc4bg1qRs3I="
    },
    "pixi.js": {
      "version": "4.8.0",
      "resolved": "http://registry.npm.taobao.org/pixi.js/download/pixi.js-4.8.0.tgz",
      "integrity": "sha1-S2gRQPTED991y7dz1paZ2lOmL9U=",
      "requires": {
        "bit-twiddle": "^1.0.2",
        "earcut": "^2.1.3",
        "eventemitter3": "^2.0.0",
        "ismobilejs": "^0.4.0",
        "object-assign": "^4.0.1",
        "pixi-gl-core": "^1.1.4",
        "remove-array-items": "^1.0.0",
        "resource-loader": "^2.1.1"
      }
    },
    "popmotion": {
      "version": "8.2.3",
      "resolved": "http://registry.npm.taobao.org/popmotion/download/popmotion-8.2.3.tgz",
      "integrity": "sha1-UZsGQ4j9KBJF70nq4h7Zggb+wJk=",
      "requires": {
        "framesync": "^3.1.9",
        "hey-listen": "^1.0.5",
        "style-value-types": "^1.0.8",
        "stylefire": "^2.0.2",
        "tslib": "^1.9.1"
      }
    },
    "remove-array-items": {
      "version": "1.0.0",
      "resolved": "http://registry.npm.taobao.org/remove-array-items/download/remove-array-items-1.0.0.tgz",
      "integrity": "sha1-B79CyzMvTPboXq2DteToltIyayE="
    },
    "resource-loader": {
      "version": "2.1.1",
      "resolved": "http://registry.npm.taobao.org/resource-loader/download/resource-loader-2.1.1.tgz",
      "integrity": "sha1-8D7AjdJqrgsN0qJKbTEq7CtaAE0=",
      "requires": {
        "mini-signals": "^1.1.1",
        "parse-uri": "^1.0.0"
      }
    },
    "style-value-types": {
      "version": "1.0.10",
      "resolved": "http://registry.npm.taobao.org/style-value-types/download/style-value-types-1.0.10.tgz",
      "integrity": "sha1-5GoRki97nv4mX7Ir/TtUKWEbwBY="
    },
    "stylefire": {
      "version": "2.0.2",
      "resolved": "http://registry.npm.taobao.org/stylefire/download/stylefire-2.0.2.tgz",
      "integrity": "sha1-LAxdJ0miL3HTxa6ViJ3O4bNZdZk=",
      "requires": {
        "framesync": "^3.1.8",
        "hey-listen": "^1.0.4",
        "style-value-types": "^1.0.6"
      }
    },
    "tslib": {
      "version": "1.9.2",
      "resolved": "http://registry.npm.taobao.org/tslib/download/tslib-1.9.2.tgz",
      "integrity": "sha1-i+DMmh9tx3J8ON6xbC69GiiSmI4="
    }
  }
}
